
Microsoft Visual Studio Solution File, Format Version 12.00
# Visual Studio Version 17
VisualStudioVersion = 17.8.34511.84
MinimumVisualStudioVersion = 10.0.40219.1
Project("{9A19103F-16F7-4668-BE54-9A1E7A4F7556}") = "StudySync", "StudySync\StudySync.csproj", "{C3DF3990-FB7C-4EFE-8964-CAD5562702A5}"
EndProject
Project("{FAE04EC0-301F-11D3-BF4B-00C04F79EFBC}") = "StudySync.Tests", "StudySync.Tests\StudySync.Tests.csproj", "{2CF27830-B14F-4A64-B9B0-26C75A1E073E}"
EndProject
Global
	GlobalSection(SolutionConfigurationPlatforms) = preSolution
		Debug|Any CPU = Debug|Any CPU
		Release|Any CPU = Release|Any CPU
	EndGlobalSection
	GlobalSection(ProjectConfigurationPlatforms) = postSolution
		{C3DF3990-FB7C-4EFE-8964-CAD5562702A5}.Debug|Any CPU.ActiveCfg = Debug|Any CPU
		{C3DF3990-FB7C-4EFE-8964-CAD5562702A5}.Debug|Any CPU.Build.0 = Debug|Any CPU
		{C3DF3990-FB7C-4EFE-8964-CAD5562702A5}.Release|Any CPU.ActiveCfg = Release|Any CPU
		{C3DF3990-FB7C-4EFE-8964-CAD5562702A5}.Release|Any CPU.Build.0 = Release|Any CPU
		{2CF27830-B14F-4A64-B9B0-26C75A1E073E}.Debug|Any CPU.ActiveCfg = Debug|Any CPU
		{2CF27830-B14F-4A64-B9B0-26C75A1E073E}.Debug|Any CPU.Build.0 = Debug|Any CPU
		{2CF27830-B14F-4A64-B9B0-26C75A1E073E}.Release|Any CPU.ActiveCfg = Release|Any CPU
		{2CF27830-B14F-4A64-B9B0-26C75A1E073E}.Release|Any CPU.Build.0 = Release|Any CPU
	EndGlobalSection
	GlobalSection(SolutionProperties) = preSolution
		HideSolutionNode = FALSE
	EndGlobalSection
	GlobalSection(ExtensibilityGlobals) = postSolution
		SolutionGuid = {E5195319-4F94-453E-BBD8-621C7D060D15}
	EndGlobalSection
EndGlobal
